
Microsoft Visual Studio Solution File, Format Version 12.00
# Visual Studio Version 17
VisualStudioVersion = 17.0.31903.59
MinimumVisualStudioVersion = 10.0.40219.1
Project("{2150E333-8FDC-42A3-9474-1A3956D46DE8}") = "ExchangeTypes", "ExchangeTypes", "{D75EC728-DDD9-4136-A6F0-D8A7E20B564B}"
EndProject
Project("{2150E333-8FDC-42A3-9474-1A3956D46DE8}") = "Fanout", "Fanout", "{3E2EC3E1-87B4-4700-AD0A-5C3DBA105D97}"
EndProject
Project("{FAE04EC0-301F-11D3-BF4B-00C04F79EFBC}") = "Publisher", "ExchangeTypes\Fanout\Publisher\Publisher.csproj", "{46815278-CC72-46F6-A682-B43F01CB70CF}"
EndProject
Project("{FAE04EC0-301F-11D3-BF4B-00C04F79EFBC}") = "Subscriber", "ExchangeTypes\Fanout\Subscriber\Subscriber.csproj", "{3E4A5C47-A305-41D9-934F-7E0FC5C6B05F}"
EndProject
Project("{2150E333-8FDC-42A3-9474-1A3956D46DE8}") = "Direct", "Direct", "{765D3009-B56E-4222-82B0-B0B53F706FE4}"
EndProject
Project("{FAE04EC0-301F-11D3-BF4B-00C04F79EFBC}") = "Publisher", "ExchangeTypes\Direct\Publisher\Publisher.csproj", "{5B2409AB-693F-492B-AED0-D2882A345D2E}"
EndProject
Project("{FAE04EC0-301F-11D3-BF4B-00C04F79EFBC}") = "Subscriber", "ExchangeTypes\Direct\Subscriber\Subscriber.csproj", "{E4F0936D-32E9-4C0B-B56D-97BAA6B73169}"
EndProject
Project("{2150E333-8FDC-42A3-9474-1A3956D46DE8}") = "Topic", "Topic", "{95BCD8AA-50B7-4711-9A90-97FF855FC80C}"
EndProject
Project("{FAE04EC0-301F-11D3-BF4B-00C04F79EFBC}") = "Publisher", "ExchangeTypes\Topic\Publisher\Publisher.csproj", "{6AABDF27-330B-465B-B0F7-1EC82CD27261}"
EndProject
Project("{FAE04EC0-301F-11D3-BF4B-00C04F79EFBC}") = "Subscriber", "ExchangeTypes\Topic\Subscriber\Subscriber.csproj", "{8C1272E4-8EC8-43A4-890F-E48C64242E19}"
EndProject
Project("{2150E333-8FDC-42A3-9474-1A3956D46DE8}") = "Header", "Header", "{49165C11-2DB8-41EE-9985-879976B9602D}"
EndProject
Project("{FAE04EC0-301F-11D3-BF4B-00C04F79EFBC}") = "Publisher", "ExchangeTypes\Header\Publisher\Publisher.csproj", "{FFE68EF9-36F4-428C-BBDC-C2B737582CD2}"
EndProject
Project("{FAE04EC0-301F-11D3-BF4B-00C04F79EFBC}") = "Subscriber", "ExchangeTypes\Header\Subscriber\Subscriber.csproj", "{D37D407A-F974-46C0-A6B9-7FAE2A110658}"
EndProject
Project("{FAE04EC0-301F-11D3-BF4B-00C04F79EFBC}") = "ClassLibrary", "ClassLibrary\ClassLibrary.csproj", "{9ADB9F45-14EC-41D4-AC60-C10200D46614}"
EndProject
Project("{2150E333-8FDC-42A3-9474-1A3956D46DE8}") = "ComplexType", "ComplexType", "{03C76075-64F0-49C0-9A7E-1A06AF89D201}"
EndProject
Project("{FAE04EC0-301F-11D3-BF4B-00C04F79EFBC}") = "Publisher", "ComplexType\Publisher\Publisher.csproj", "{8FC6613D-A6E1-4CE3-A4B4-9DE7F75D4BB7}"
EndProject
Project("{FAE04EC0-301F-11D3-BF4B-00C04F79EFBC}") = "Subscriber", "ComplexType\Subscriber\Subscriber.csproj", "{8F7A39BA-6928-4AC5-87E7-C34D20F3A2DB}"
EndProject
Project("{2150E333-8FDC-42A3-9474-1A3956D46DE8}") = "Simple", "Simple", "{1DAA7361-A847-458A-BE8D-D4D10C329973}"
EndProject
Project("{FAE04EC0-301F-11D3-BF4B-00C04F79EFBC}") = "Consumer", "Simple\Consumer\Consumer.csproj", "{AD444DDE-8DC7-439C-976B-9EEADC57040C}"
EndProject
Project("{FAE04EC0-301F-11D3-BF4B-00C04F79EFBC}") = "Provider", "Simple\Provider\Provider.csproj", "{D35B653E-A8A5-4FA6-9CD7-96B3A5163543}"
EndProject
Global
	GlobalSection(SolutionConfigurationPlatforms) = preSolution
		Debug|Any CPU = Debug|Any CPU
		Release|Any CPU = Release|Any CPU
	EndGlobalSection
	GlobalSection(ProjectConfigurationPlatforms) = postSolution
		{46815278-CC72-46F6-A682-B43F01CB70CF}.Debug|Any CPU.ActiveCfg = Debug|Any CPU
		{46815278-CC72-46F6-A682-B43F01CB70CF}.Debug|Any CPU.Build.0 = Debug|Any CPU
		{46815278-CC72-46F6-A682-B43F01CB70CF}.Release|Any CPU.ActiveCfg = Release|Any CPU
		{46815278-CC72-46F6-A682-B43F01CB70CF}.Release|Any CPU.Build.0 = Release|Any CPU
		{3E4A5C47-A305-41D9-934F-7E0FC5C6B05F}.Debug|Any CPU.ActiveCfg = Debug|Any CPU
		{3E4A5C47-A305-41D9-934F-7E0FC5C6B05F}.Debug|Any CPU.Build.0 = Debug|Any CPU
		{3E4A5C47-A305-41D9-934F-7E0FC5C6B05F}.Release|Any CPU.ActiveCfg = Release|Any CPU
		{3E4A5C47-A305-41D9-934F-7E0FC5C6B05F}.Release|Any CPU.Build.0 = Release|Any CPU
		{5B2409AB-693F-492B-AED0-D2882A345D2E}.Debug|Any CPU.ActiveCfg = Debug|Any CPU
		{5B2409AB-693F-492B-AED0-D2882A345D2E}.Debug|Any CPU.Build.0 = Debug|Any CPU
		{5B2409AB-693F-492B-AED0-D2882A345D2E}.Release|Any CPU.ActiveCfg = Release|Any CPU
		{5B2409AB-693F-492B-AED0-D2882A345D2E}.Release|Any CPU.Build.0 = Release|Any CPU
		{E4F0936D-32E9-4C0B-B56D-97BAA6B73169}.Debug|Any CPU.ActiveCfg = Debug|Any CPU
		{E4F0936D-32E9-4C0B-B56D-97BAA6B73169}.Debug|Any CPU.Build.0 = Debug|Any CPU
		{E4F0936D-32E9-4C0B-B56D-97BAA6B73169}.Release|Any CPU.ActiveCfg = Release|Any CPU
		{E4F0936D-32E9-4C0B-B56D-97BAA6B73169}.Release|Any CPU.Build.0 = Release|Any CPU
		{6AABDF27-330B-465B-B0F7-1EC82CD27261}.Debug|Any CPU.ActiveCfg = Debug|Any CPU
		{6AABDF27-330B-465B-B0F7-1EC82CD27261}.Debug|Any CPU.Build.0 = Debug|Any CPU
		{6AABDF27-330B-465B-B0F7-1EC82CD27261}.Release|Any CPU.ActiveCfg = Release|Any CPU
		{6AABDF27-330B-465B-B0F7-1EC82CD27261}.Release|Any CPU.Build.0 = Release|Any CPU
		{8C1272E4-8EC8-43A4-890F-E48C64242E19}.Debug|Any CPU.ActiveCfg = Debug|Any CPU
		{8C1272E4-8EC8-43A4-890F-E48C64242E19}.Debug|Any CPU.Build.0 = Debug|Any CPU
		{8C1272E4-8EC8-43A4-890F-E48C64242E19}.Release|Any CPU.ActiveCfg = Release|Any CPU
		{8C1272E4-8EC8-43A4-890F-E48C64242E19}.Release|Any CPU.Build.0 = Release|Any CPU
		{FFE68EF9-36F4-428C-BBDC-C2B737582CD2}.Debug|Any CPU.ActiveCfg = Debug|Any CPU
		{FFE68EF9-36F4-428C-BBDC-C2B737582CD2}.Debug|Any CPU.Build.0 = Debug|Any CPU
		{FFE68EF9-36F4-428C-BBDC-C2B737582CD2}.Release|Any CPU.ActiveCfg = Release|Any CPU
		{FFE68EF9-36F4-428C-BBDC-C2B737582CD2}.Release|Any CPU.Build.0 = Release|Any CPU
		{D37D407A-F974-46C0-A6B9-7FAE2A110658}.Debug|Any CPU.ActiveCfg = Debug|Any CPU
		{D37D407A-F974-46C0-A6B9-7FAE2A110658}.Debug|Any CPU.Build.0 = Debug|Any CPU
		{D37D407A-F974-46C0-A6B9-7FAE2A110658}.Release|Any CPU.ActiveCfg = Release|Any CPU
		{D37D407A-F974-46C0-A6B9-7FAE2A110658}.Release|Any CPU.Build.0 = Release|Any CPU
		{9ADB9F45-14EC-41D4-AC60-C10200D46614}.Debug|Any CPU.ActiveCfg = Debug|Any CPU
		{9ADB9F45-14EC-41D4-AC60-C10200D46614}.Debug|Any CPU.Build.0 = Debug|Any CPU
		{9ADB9F45-14EC-41D4-AC60-C10200D46614}.Release|Any CPU.ActiveCfg = Release|Any CPU
		{9ADB9F45-14EC-41D4-AC60-C10200D46614}.Release|Any CPU.Build.0 = Release|Any CPU
		{8FC6613D-A6E1-4CE3-A4B4-9DE7F75D4BB7}.Debug|Any CPU.ActiveCfg = Debug|Any CPU
		{8FC6613D-A6E1-4CE3-A4B4-9DE7F75D4BB7}.Debug|Any CPU.Build.0 = Debug|Any CPU
		{8FC6613D-A6E1-4CE3-A4B4-9DE7F75D4BB7}.Release|Any CPU.ActiveCfg = Release|Any CPU
		{8FC6613D-A6E1-4CE3-A4B4-9DE7F75D4BB7}.Release|Any CPU.Build.0 = Release|Any CPU
		{8F7A39BA-6928-4AC5-87E7-C34D20F3A2DB}.Debug|Any CPU.ActiveCfg = Debug|Any CPU
		{8F7A39BA-6928-4AC5-87E7-C34D20F3A2DB}.Debug|Any CPU.Build.0 = Debug|Any CPU
		{8F7A39BA-6928-4AC5-87E7-C34D20F3A2DB}.Release|Any CPU.ActiveCfg = Release|Any CPU
		{8F7A39BA-6928-4AC5-87E7-C34D20F3A2DB}.Release|Any CPU.Build.0 = Release|Any CPU
		{AD444DDE-8DC7-439C-976B-9EEADC57040C}.Debug|Any CPU.ActiveCfg = Debug|Any CPU
		{AD444DDE-8DC7-439C-976B-9EEADC57040C}.Debug|Any CPU.Build.0 = Debug|Any CPU
		{AD444DDE-8DC7-439C-976B-9EEADC57040C}.Release|Any CPU.ActiveCfg = Release|Any CPU
		{AD444DDE-8DC7-439C-976B-9EEADC57040C}.Release|Any CPU.Build.0 = Release|Any CPU
		{D35B653E-A8A5-4FA6-9CD7-96B3A5163543}.Debug|Any CPU.ActiveCfg = Debug|Any CPU
		{D35B653E-A8A5-4FA6-9CD7-96B3A5163543}.Debug|Any CPU.Build.0 = Debug|Any CPU
		{D35B653E-A8A5-4FA6-9CD7-96B3A5163543}.Release|Any CPU.ActiveCfg = Release|Any CPU
		{D35B653E-A8A5-4FA6-9CD7-96B3A5163543}.Release|Any CPU.Build.0 = Release|Any CPU
	EndGlobalSection
	GlobalSection(SolutionProperties) = preSolution
		HideSolutionNode = FALSE
	EndGlobalSection
	GlobalSection(NestedProjects) = preSolution
		{3E2EC3E1-87B4-4700-AD0A-5C3DBA105D97} = {D75EC728-DDD9-4136-A6F0-D8A7E20B564B}
		{46815278-CC72-46F6-A682-B43F01CB70CF} = {3E2EC3E1-87B4-4700-AD0A-5C3DBA105D97}
		{3E4A5C47-A305-41D9-934F-7E0FC5C6B05F} = {3E2EC3E1-87B4-4700-AD0A-5C3DBA105D97}
		{765D3009-B56E-4222-82B0-B0B53F706FE4} = {D75EC728-DDD9-4136-A6F0-D8A7E20B564B}
		{5B2409AB-693F-492B-AED0-D2882A345D2E} = {765D3009-B56E-4222-82B0-B0B53F706FE4}
		{E4F0936D-32E9-4C0B-B56D-97BAA6B73169} = {765D3009-B56E-4222-82B0-B0B53F706FE4}
		{95BCD8AA-50B7-4711-9A90-97FF855FC80C} = {D75EC728-DDD9-4136-A6F0-D8A7E20B564B}
		{6AABDF27-330B-465B-B0F7-1EC82CD27261} = {95BCD8AA-50B7-4711-9A90-97FF855FC80C}
		{8C1272E4-8EC8-43A4-890F-E48C64242E19} = {95BCD8AA-50B7-4711-9A90-97FF855FC80C}
		{49165C11-2DB8-41EE-9985-879976B9602D} = {D75EC728-DDD9-4136-A6F0-D8A7E20B564B}
		{FFE68EF9-36F4-428C-BBDC-C2B737582CD2} = {49165C11-2DB8-41EE-9985-879976B9602D}
		{D37D407A-F974-46C0-A6B9-7FAE2A110658} = {49165C11-2DB8-41EE-9985-879976B9602D}
		{8FC6613D-A6E1-4CE3-A4B4-9DE7F75D4BB7} = {03C76075-64F0-49C0-9A7E-1A06AF89D201}
		{8F7A39BA-6928-4AC5-87E7-C34D20F3A2DB} = {03C76075-64F0-49C0-9A7E-1A06AF89D201}
		{AD444DDE-8DC7-439C-976B-9EEADC57040C} = {1DAA7361-A847-458A-BE8D-D4D10C329973}
		{D35B653E-A8A5-4FA6-9CD7-96B3A5163543} = {1DAA7361-A847-458A-BE8D-D4D10C329973}
	EndGlobalSection
EndGlobal
